{
  "version": 1,
  "updated_at": "2026-08-29",
  "sources": [
    {
      "id": "documentation-writer",
      "repository": "https://github.com/github/awesome-copilot",
      "commit": "f11a4e441c5ff061b4f8ae37952be8c602e4034e",
      "license": "MIT",
      "files": [
        {
          "upstream_path": "skills/documentation-writer/SKILL.md",
          "vendored_path": "references/upstream/documentation-writer/SOURCE.md",
          "sha256": "7e8244988c9f4eb63bf8c0edf160578544621eb96e5e51e2d848f1401c5de8f1"
        },
        {
          "upstream_path": "LICENSE",
          "vendored_path": "licenses/documentation-writer-MIT.txt",
          "sha256": "e32449d23085399adc1222f7a17408b730550258e51627c153cb108ca9955823"
        }
      ]
    },
    {
      "id": "humanizer-zh",
      "repository": "https://github.com/op7418/Humanizer-zh",
      "commit": "91f3d394db8419c20d67ebe22a96cf8fee0a404b",
      "license": "MIT",
      "files": [
        {
          "upstream_path": "SKILL.md",
          "vendored_path": "references/upstream/humanizer-zh/SOURCE.md",
          "sha256": "e0edbdbc9008644263d5573fb59beac95794e188fd99c35012bfd79e9ae4beeb"
        },
        {
          "upstream_path": "LICENSE",
          "vendored_path": "licenses/humanizer-zh-MIT.txt",
          "sha256": "aa00e74769e1b9d8e7fa7094dbfcca9b129a0ded6dce1cf4da050b99146d2fa7"
        }
      ]
    },
    {
      "id": "writing-clearly-and-concisely",
      "repository": "https://github.com/obra/the-elements-of-style",
      "commit": "05fc4f0d2b97b7c042dd9949ad658568e4a1324e",
      "license": "Public Domain",
      "files": [
        {
          "upstream_path": "skills/writing-clearly-and-concisely/SKILL.md",
          "vendored_path": "references/upstream/writing-clearly-and-concisely/SOURCE.md",
          "sha256": "1448ea19147b339ce37ae70551b233bb329d6bdfa46f0bf627b43b6133372233"
        },
        {
          "upstream_path": "skills/writing-clearly-and-concisely/elements-of-style.md",
          "vendored_path": "references/upstream/writing-clearly-and-concisely/elements-of-style.md",
          "sha256": "d0edf854b5d39e22da68793603830e5bbdddb9266d272007993bcb821ba2799d"
        }
      ]
    }
  ]
}
